
Microsoft Visual Studio Solution File, Format Version 12.00
# Visual Studio Version 17
VisualStudioVersion = 17.10.35013.160
MinimumVisualStudioVersion = 10.0.40219.1
Project("{FAE04EC0-301F-11D3-BF4B-00C04F79EFBC}") = "amdlabo4", "amdlabo4\amdlabo4.csproj", "{B8608C15-013E-4AA3-8F8D-15557BBC7367}"
EndProject
Global
	GlobalSection(SolutionConfigurationPlatforms) = preSolution
		Debug|Any CPU = Debug|Any CPU
		Release|Any CPU = Release|Any CPU
	EndGlobalSection
	GlobalSection(ProjectConfigurationPlatforms) = postSolution
		{B8608C15-013E-4AA3-8F8D-15557BBC7367}.Debug|Any CPU.ActiveCfg = Debug|Any CPU
		{B8608C15-013E-4AA3-8F8D-15557BBC7367}.Debug|Any CPU.Build.0 = Debug|Any CPU
		{B8608C15-013E-4AA3-8F8D-15557BBC7367}.Release|Any CPU.ActiveCfg = Release|Any CPU
		{B8608C15-013E-4AA3-8F8D-15557BBC7367}.Release|Any CPU.Build.0 = Release|Any CPU
	EndGlobalSection
	GlobalSection(SolutionProperties) = preSolution
		HideSolutionNode = FALSE
	EndGlobalSection
	GlobalSection(ExtensibilityGlobals) = postSolution
		SolutionGuid = {F758E594-68C7-47B3-B1B4-1985DD7FC50A}
	EndGlobalSection
EndGlobal
